// !$*UTF8*$!
{
	archiveVersion = 1;
	classes = {
	};
	objectVersion = 50;
	objects = {

/* Begin PBXBuildFile section */
		18B752CD25209D05004E1050 /* AppDelegate.m in Sources */ = {isa = PBXBuildFile; fileRef = 18B752CC25209D05004E1050 /* AppDelegate.m */; };
		18B752D025209D05004E1050 /* SceneDelegate.m in Sources */ = {isa = PBXBuildFile; fileRef = 18B752CF25209D05004E1050 /* SceneDelegate.m */; };
		18B752D325209D05004E1050 /* ViewController.m in Sources */ = {isa = PBXBuildFile; fileRef = 18B752D225209D05004E1050 /* ViewController.m */; };
		18B752D625209D05004E1050 /* Main.storyboard in Resources */ = {isa = PBXBuildFile; fileRef = 18B752D425209D05004E1050 /* Main.storyboard */; };
		18B752D825209D09004E1050 /* Assets.xcassets in Resources */ = {isa = PBXBuildFile; fileRef = 18B752D725209D09004E1050 /* Assets.xcassets */; };
		18B752DB25209D09004E1050 /* LaunchScreen.storyboard in Resources */ = {isa = PBXBuildFile; fileRef = 18B752D925209D09004E1050 /* LaunchScreen.storyboard */; };
		18B752DE25209D09004E1050 /* main.m in Sources */ = {isa = PBXBuildFile; fileRef = 18B752DD25209D09004E1050 /* main.m */; };
		18B752E825209D09004E1050 /* _7_collectionView_VCTests.m in Sources */ = {isa = PBXBuildFile; fileRef = 18B752E725209D09004E1050 /* _7_collectionView_VCTests.m */; };
		18B752F325209D09004E1050 /* _7_collectionView_VCUITests.m in Sources */ = {isa = PBXBuildFile; fileRef = 18B752F225209D09004E1050 /* _7_collectionView_VCUITests.m */; };
/* End PBXBuildFile section */

/* Begin PBXContainerItemProxy section */
		18B752E425209D09004E1050 /* PBXContainerItemProxy */ = {
			isa = PBXContainerItemProxy;
			containerPortal = 18B752C025209D05004E1050 /* Project object */;
			proxyType = 1;
			remoteGlobalIDString = 18B752C725209D05004E1050;
			remoteInfo = "17.collectionView+VC";
		};
		18B752EF25209D09004E1050 /* PBXContainerItemProxy */ = {
			isa = PBXContainerItemProxy;
			containerPortal = 18B752C025209D05004E1050 /* Project object */;
			proxyType = 1;
			remoteGlobalIDString = 18B752C725209D05004E1050;
			remoteInfo = "17.collectionView+VC";
		};
/* End PBXContainerItemProxy section */

/* Begin PBXFileReference section */
		18B752C825209D05004E1050 /* 17.collectionView+VC.app */ = {isa = PBXFileReference; explicitFileType = wrapper.application; includeInIndex = 0; path = "17.collectionView+VC.app"; sourceTree = BUILT_PRODUCTS_DIR; };
		18B752CB25209D05004E1050 /* AppDelegate.h */ = {isa = PBXFileReference; lastKnownFileType = sourcecode.c.h; path = AppDelegate.h; sourceTree = "<group>"; };
		18B752CC25209D05004E1050 /* AppDelegate.m */ = {isa = PBXFileReference; lastKnownFileType = sourcecode.c.objc; path = AppDelegate.m; sourceTree = "<group>"; };
		18B752CE25209D05004E1050 /* SceneDelegate.h */ = {isa = PBXFileReference; lastKnownFileType = sourcecode.c.h; path = SceneDelegate.h; sourceTree = "<group>"; };
		18B752CF25209D05004E1050 /* SceneDelegate.m */ = {isa = PBXFileReference; lastKnownFileType = sourcecode.c.objc; path = SceneDelegate.m; sourceTree = "<group>"; };
		18B752D125209D05004E1050 /* ViewController.h */ = {isa = PBXFileReference; lastKnownFileType = sourcecode.c.h; path = ViewController.h; sourceTree = "<group>"; };
		18B752D225209D05004E1050 /* ViewController.m */ = {isa = PBXFileReference; lastKnownFileType = sourcecode.c.objc; path = ViewController.m; sourceTree = "<group>"; };
		18B752D525209D05004E1050 /* Base */ = {isa = PBXFileReference; lastKnownFileType = file.storyboard; name = Base; path = Base.lproj/Main.storyboard; sourceTree = "<group>"; };
		18B752D725209D09004E1050 /* Assets.xcassets */ = {isa = PBXFileReference; lastKnownFileType = folder.assetcatalog; path = Assets.xcassets; sourceTree = "<group>"; };
		18B752DA25209D09004E1050 /* Base */ = {isa = PBXFileReference; lastKnownFileType = file.storyboard; name = Base; path = Base.lproj/LaunchScreen.storyboard; sourceTree = "<group>"; };
		18B752DC25209D09004E1050 /* Info.plist */ = {isa = PBXFileReference; lastKnownFileType = text.plist.xml; path = Info.plist; sourceTree = "<group>"; };
		18B752DD25209D09004E1050 /* main.m */ = {isa = PBXFileReference; lastKnownFileType = sourcecode.c.objc; path = main.m; sourceTree = "<group>"; };
		18B752E325209D09004E1050 /* 17.collectionView+VCTests.xctest */ = {isa = PBXFileReference; explicitFileType = wrapper.cfbundle; includeInIndex = 0; path = "17.collectionView+VCTests.xctest"; sourceTree = BUILT_PRODUCTS_DIR; };
		18B752E725209D09004E1050 /* _7_collectionView_VCTests.m */ = {isa = PBXFileReference; lastKnownFileType = sourcecode.c.objc; path = _7_collectionView_VCTests.m; sourceTree = "<group>"; };
		18B752E925209D09004E1050 /* Info.plist */ = {isa = PBXFileReference; lastKnownFileType = text.plist.xml; path = Info.plist; sourceTree = "<group>"; };
		18B752EE25209D09004E1050 /* 17.collectionView+VCUITests.xctest */ = {isa = PBXFileReference; explicitFileType = wrapper.cfbundle; includeInIndex = 0; path = "17.collectionView+VCUITests.xctest"; sourceTree = BUILT_PRODUCTS_DIR; };
		18B752F225209D09004E1050 /* _7_collectionView_VCUITests.m */ = {isa = PBXFileReference; lastKnownFileType = sourcecode.c.objc; path = _7_collectionView_VCUITests.m; sourceTree = "<group>"; };
		18B752F425209D09004E1050 /* Info.plist */ = {isa = PBXFileReference; lastKnownFileType = text.plist.xml; path = Info.plist; sourceTree = "<group>"; };
/* End PBXFileReference section */

/* Begin PBXFrameworksBuildPhase section */
		18B752C525209D05004E1050 /* Frameworks */ = {
			isa = PBXFrameworksBuildPhase;
			buildActionMask = 2147483647;
			files = (
			);
			runOnlyForDeploymentPostprocessing = 0;
		};
		18B752E025209D09004E1050 /* Frameworks */ = {
			isa = PBXFrameworksBuildPhase;
			buildActionMask = 2147483647;
			files = (
			);
			runOnlyForDeploymentPostprocessing = 0;
		};
		18B752EB25209D09004E1050 /* Frameworks */ = {
			isa = PBXFrameworksBuildPhase;
			buildActionMask = 2147483647;
			files = (
			);
			runOnlyForDeploymentPostprocessing = 0;
		};
/* End PBXFrameworksBuildPhase section */

/* Begin PBXGroup section */
		18B752BF25209D05004E1050 = {
			isa = PBXGroup;
			children = (
				18B752CA25209D05004E1050 /* 17.collectionView+VC */,
				18B752E625209D09004E1050 /* 17.collectionView+VCTests */,
				18B752F125209D09004E1050 /* 17.collectionView+VCUITests */,
				18B752C925209D05004E1050 /* Products */,
			);
			sourceTree = "<group>";
		};
		18B752C925209D05004E1050 /* Products */ = {
			isa = PBXGroup;
			children = (
				18B752C825209D05004E1050 /* 17.collectionView+VC.app */,
				18B752E325209D09004E1050 /* 17.collectionView+VCTests.xctest */,
				18B752EE25209D09004E1050 /* 17.collectionView+VCUITests.xctest */,
			);
			name = Products;
			sourceTree = "<group>";
		};
		18B752CA25209D05004E1050 /* 17.collectionView+VC */ = {
			isa = PBXGroup;
			children = (
				18B752CB25209D05004E1050 /* AppDelegate.h */,
				18B752CC25209D05004E1050 /* AppDelegate.m */,
				18B752CE25209D05004E1050 /* SceneDelegate.h */,
				18B752CF25209D05004E1050 /* SceneDelegate.m */,
				18B752D125209D05004E1050 /* ViewController.h */,
				18B752D225209D05004E1050 /* ViewController.m */,
				18B752D425209D05004E1050 /* Main.storyboard */,
				18B752D725209D09004E1050 /* Assets.xcassets */,
				18B752D925209D09004E1050 /* LaunchScreen.storyboard */,
				18B752DC25209D09004E1050 /* Info.plist */,
				18B752DD25209D09004E1050 /* main.m */,
			);
			path = "17.collectionView+VC";
			sourceTree = "<group>";
		};
		18B752E625209D09004E1050 /* 17.collectionView+VCTests */ = {
			isa = PBXGroup;
			children = (
				18B752E725209D09004E1050 /* _7_collectionView_VCTests.m */,
				18B752E925209D09004E1050 /* Info.plist */,
			);
			path = "17.collectionView+VCTests";
			sourceTree = "<group>";
		};
		18B752F125209D09004E1050 /* 17.collectionView+VCUITests */ = {
			isa = PBXGroup;
			children = (
				18B752F225209D09004E1050 /* _7_collectionView_VCUITests.m */,
				18B752F425209D09004E1050 /* Info.plist */,
			);
			path = "17.collectionView+VCUITests";
			sourceTree = "<group>";
		};
/* End PBXGroup section */

/* Begin PBXNativeTarget section */
		18B752C725209D05004E1050 /* 17.collectionView+VC */ = {
			isa = PBXNativeTarget;
			buildConfigurationList = 18B752F725209D09004E1050 /* Build configuration list for PBXNativeTarget "17.collectionView+VC" */;
			buildPhases = (
				18B752C425209D05004E1050 /* Sources */,
				18B752C525209D05004E1050 /* Frameworks */,
				18B752C625209D05004E1050 /* Resources */,
			);
			buildRules = (
			);
			dependencies = (
			);
			name = "17.collectionView+VC";
			productName = "17.collectionView+VC";
			productReference = 18B752C825209D05004E1050 /* 17.collectionView+VC.app */;
			productType = "com.apple.product-type.application";
		};
		18B752E225209D09004E1050 /* 17.collectionView+VCTests */ = {
			isa = PBXNativeTarget;
			buildConfigurationList = 18B752FA25209D09004E1050 /* Build configuration list for PBXNativeTarget "17.collectionView+VCTests" */;
			buildPhases = (
				18B752DF25209D09004E1050 /* Sources */,
				18B752E025209D09004E1050 /* Frameworks */,
				18B752E125209D09004E1050 /* Resources */,
			);
			buildRules = (
			);
			dependencies = (
				18B752E525209D09004E1050 /* PBXTargetDependency */,
			);
			name = "17.collectionView+VCTests";
			productName = "17.collectionView+VCTests";
			productReference = 18B752E325209D09004E1050 /* 17.collectionView+VCTests.xctest */;
			productType = "com.apple.product-type.bundle.unit-test";
		};
		18B752ED25209D09004E1050 /* 17.collectionView+VCUITests */ = {
			isa = PBXNativeTarget;
			buildConfigurationList = 18B752FD25209D09004E1050 /* Build configuration list for PBXNativeTarget "17.collectionView+VCUITests" */;
			buildPhases = (
				18B752EA25209D09004E1050 /* Sources */,
				18B752EB25209D09004E1050 /* Frameworks */,
				18B752EC25209D09004E1050 /* Resources */,
			);
			buildRules = (
			);
			dependencies = (
				18B752F025209D09004E1050 /* PBXTargetDependency */,
			);
			name = "17.collectionView+VCUITests";
			productName = "17.collectionView+VCUITests";
			productReference = 18B752EE25209D09004E1050 /* 17.collectionView+VCUITests.xctest */;
			productType = "com.apple.product-type.bundle.ui-testing";
		};
/* End PBXNativeTarget section */

/* Begin PBXProject section */
		18B752C025209D05004E1050 /* Project object */ = {
			isa = PBXProject;
			attributes = {
				LastUpgradeCheck = 1160;
				ORGANIZATIONNAME = apple;
				TargetAttributes = {
					18B752C725209D05004E1050 = {
						CreatedOnToolsVersion = 11.6;
					};
					18B752E225209D09004E1050 = {
						CreatedOnToolsVersion = 11.6;
						TestTargetID = 18B752C725209D05004E1050;
					};
					18B752ED25209D09004E1050 = {
						CreatedOnToolsVersion = 11.6;
						TestTargetID = 18B752C725209D05004E1050;
					};
				};
			};
			buildConfigurationList = 18B752C325209D05004E1050 /* Build configuration list for PBXProject "17.collectionView+VC" */;
			compatibilityVersion = "Xcode 9.3";
			developmentRegion = en;
			hasScannedForEncodings = 0;
			knownRegions = (
				en,
				Base,
			);
			mainGroup = 18B752BF25209D05004E1050;
			productRefGroup = 18B752C925209D05004E1050 /* Products */;
			projectDirPath = "";
			projectRoot = "";
			targets = (
				18B752C725209D05004E1050 /* 17.collectionView+VC */,
				18B752E225209D09004E1050 /* 17.collectionView+VCTests */,
				18B752ED25209D09004E1050 /* 17.collectionView+VCUITests */,
			);
		};
/* End PBXProject section */

/* Begin PBXResourcesBuildPhase section */
		18B752C625209D05004E1050 /* Resources */ = {
			isa = PBXResourcesBuildPhase;
			buildActionMask = 2147483647;
			files = (
				18B752DB25209D09004E1050 /* LaunchScreen.storyboard in Resources */,
				18B752D825209D09004E1050 /* Assets.xcassets in Resources */,
				18B752D625209D05004E1050 /* Main.storyboard in Resources */,
			);
			runOnlyForDeploymentPostprocessing = 0;
		};
		18B752E125209D09004E1050 /* Resources */ = {
			isa = PBXResourcesBuildPhase;
			buildActionMask = 2147483647;
			files = (
			);
			runOnlyForDeploymentPostprocessing = 0;
		};
		18B752EC25209D09004E1050 /* Resources */ = {
			isa = PBXResourcesBuildPhase;
			buildActionMask = 2147483647;
			files = (
			);
			runOnlyForDeploymentPostprocessing = 0;
		};
/* End PBXResourcesBuildPhase section */

/* Begin PBXSourcesBuildPhase section */
		18B752C425209D05004E1050 /* Sources */ = {
			isa = PBXSourcesBuildPhase;
			buildActionMask = 2147483647;
			files = (
				18B752D325209D05004E1050 /* ViewController.m in Sources */,
				18B752CD25209D05004E1050 /* AppDelegate.m in Sources */,
				18B752DE25209D09004E1050 /* main.m in Sources */,
				18B752D025209D05004E1050 /* SceneDelegate.m in Sources */,
			);
			runOnlyForDeploymentPostprocessing = 0;
		};
		18B752DF25209D09004E1050 /* Sources */ = {
			isa = PBXSourcesBuildPhase;
			buildActionMask = 2147483647;
			files = (
				18B752E825209D09004E1050 /* _7_collectionView_VCTests.m in Sources */,
			);
			runOnlyForDeploymentPostprocessing = 0;
		};
		18B752EA25209D09004E1050 /* Sources */ = {
			isa = PBXSourcesBuildPhase;
			buildActionMask = 2147483647;
			files = (
				18B752F325209D09004E1050 /* _7_collectionView_VCUITests.m in Sources */,
			);
			runOnlyForDeploymentPostprocessing = 0;
		};
/* End PBXSourcesBuildPhase section */

/* Begin PBXTargetDependency section */
		18B752E525209D09004E1050 /* PBXTargetDependency */ = {
			isa = PBXTargetDependency;
			target = 18B752C725209D05004E1050 /* 17.collectionView+VC */;
			targetProxy = 18B752E425209D09004E1050 /* PBXContainerItemProxy */;
		};
		18B752F025209D09004E1050 /* PBXTargetDependency */ = {
			isa = PBXTargetDependency;
			target = 18B752C725209D05004E1050 /* 17.collectionView+VC */;
			targetProxy = 18B752EF25209D09004E1050 /* PBXContainerItemProxy */;
		};
/* End PBXTargetDependency section */

/* Begin PBXVariantGroup section */
		18B752D425209D05004E1050 /* Main.storyboard */ = {
			isa = PBXVariantGroup;
			children = (
				18B752D525209D05004E1050 /* Base */,
			);
			name = Main.storyboard;
			sourceTree = "<group>";
		};
		18B752D925209D09004E1050 /* LaunchScreen.storyboard */ = {
			isa = PBXVariantGroup;
			children = (
				18B752DA25209D09004E1050 /* Base */,
			);
			name = LaunchScreen.storyboard;
			sourceTree = "<group>";
		};
/* End PBXVariantGroup section */

/* Begin XCBuildConfiguration section */
		18B752F525209D09004E1050 /* Debug */ = {
			isa = XCBuildConfiguration;
			buildSettings = {
				ALWAYS_SEARCH_USER_PATHS = NO;
				CLANG_ANALYZER_NONNULL = YES;
				CLANG_ANALYZER_NUMBER_OBJECT_CONVERSION = YES_AGGRESSIVE;
				CLANG_CXX_LANGUAGE_STANDARD = "gnu++14";
				CLANG_CXX_LIBRARY = "libc++";
				CLANG_ENABLE_MODULES = YES;
				CLANG_ENABLE_OBJC_ARC = YES;
				CLANG_ENABLE_OBJC_WEAK = YES;
				CLANG_WARN_BLOCK_CAPTURE_AUTORELEASING = YES;
				CLANG_WARN_BOOL_CONVERSION = YES;
				CLANG_WARN_COMMA = YES;
				CLANG_WARN_CONSTANT_CONVERSION = YES;
				CLANG_WARN_DEPRECATED_OBJC_IMPLEMENTATIONS = YES;
				CLANG_WARN_DIRECT_OBJC_ISA_USAGE = YES_ERROR;
				CLANG_WARN_DOCUMENTATION_COMMENTS = YES;
				CLANG_WARN_EMPTY_BODY = YES;
				CLANG_WARN_ENUM_CONVERSION = YES;
				CLANG_WARN_INFINITE_RECURSION = YES;
				CLANG_WARN_INT_CONVERSION = YES;
				CLANG_WARN_NON_LITERAL_NULL_CONVERSION = YES;
				CLANG_WARN_OBJC_IMPLICIT_RETAIN_SELF = YES;
				CLANG_WARN_OBJC_LITERAL_CONVERSION = YES;
				CLANG_WARN_OBJC_ROOT_CLASS = YES_ERROR;
				CLANG_WARN_RANGE_LOOP_ANALYSIS = YES;
				CLANG_WARN_STRICT_PROTOTYPES = YES;
				CLANG_WARN_SUSPICIOUS_MOVE = YES;
				CLANG_WARN_UNGUARDED_AVAILABILITY = YES_AGGRESSIVE;
				CLANG_WARN_UNREACHABLE_CODE = YES;
				CLANG_WARN__DUPLICATE_METHOD_MATCH = YES;
				COPY_PHASE_STRIP = NO;
				DEBUG_INFORMATION_FORMAT = dwarf;
				ENABLE_STRICT_OBJC_MSGSEND = YES;
				ENABLE_TESTABILITY = YES;
				GCC_C_LANGUAGE_STANDARD = gnu11;
				GCC_DYNAMIC_NO_PIC = NO;
				GCC_NO_COMMON_BLOCKS = YES;
				GCC_OPTIMIZATION_LEVEL = 0;
				GCC_PREPROCESSOR_DEFINITIONS = (
					"DEBUG=1",
					"$(inherited)",
				);
				GCC_WARN_64_TO_32_BIT_CONVERSION = YES;
				GCC_WARN_ABOUT_RETURN_TYPE = YES_ERROR;
				GCC_WARN_UNDECLARED_SELECTOR = YES;
				GCC_WARN_UNINITIALIZED_AUTOS = YES_AGGRESSIVE;
				GCC_WARN_UNUSED_FUNCTION = YES;
				GCC_WARN_UNUSED_VARIABLE = YES;
				IPHONEOS_DEPLOYMENT_TARGET = 13.6;
				MTL_ENABLE_DEBUG_INFO = INCLUDE_SOURCE;
				MTL_FAST_MATH = YES;
				ONLY_ACTIVE_ARCH = YES;
				SDKROOT = iphoneos;
			};
			name = Debug;
		};
		18B752F625209D09004E1050 /* Release */ = {
			isa = XCBuildConfiguration;
			buildSettings = {
				ALWAYS_SEARCH_USER_PATHS = NO;
				CLANG_ANALYZER_NONNULL = YES;
				CLANG_ANALYZER_NUMBER_OBJECT_CONVERSION = YES_AGGRESSIVE;
				CLANG_CXX_LANGUAGE_STANDARD = "gnu++14";
				CLANG_CXX_LIBRARY = "libc++";
				CLANG_ENABLE_MODULES = YES;
				CLANG_ENABLE_OBJC_ARC = YES;
				CLANG_ENABLE_OBJC_WEAK = YES;
				CLANG_WARN_BLOCK_CAPTURE_AUTORELEASING = YES;
				CLANG_WARN_BOOL_CONVERSION = YES;
				CLANG_WARN_COMMA = YES;
				CLANG_WARN_CONSTANT_CONVERSION = YES;
				CLANG_WARN_DEPRECATED_OBJC_IMPLEMENTATIONS = YES;
				CLANG_WARN_DIRECT_OBJC_ISA_USAGE = YES_ERROR;
				CLANG_WARN_DOCUMENTATION_COMMENTS = YES;
				CLANG_WARN_EMPTY_BODY = YES;
				CLANG_WARN_ENUM_CONVERSION = YES;
				CLANG_WARN_INFINITE_RECURSION = YES;
				CLANG_WARN_INT_CONVERSION = YES;
				CLANG_WARN_NON_LITERAL_NULL_CONVERSION = YES;
				CLANG_WARN_OBJC_IMPLICIT_RETAIN_SELF = YES;
				CLANG_WARN_OBJC_LITERAL_CONVERSION = YES;
				CLANG_WARN_OBJC_ROOT_CLASS = YES_ERROR;
				CLANG_WARN_RANGE_LOOP_ANALYSIS = YES;
				CLANG_WARN_STRICT_PROTOTYPES = YES;
				CLANG_WARN_SUSPICIOUS_MOVE = YES;
				CLANG_WARN_UNGUARDED_AVAILABILITY = YES_AGGRESSIVE;
				CLANG_WARN_UNREACHABLE_CODE = YES;
				CLANG_WARN__DUPLICATE_METHOD_MATCH = YES;
				COPY_PHASE_STRIP = NO;
				DEBUG_INFORMATION_FORMAT = "dwarf-with-dsym";
				ENABLE_NS_ASSERTIONS = NO;
				ENABLE_STRICT_OBJC_MSGSEND = YES;
				GCC_C_LANGUAGE_STANDARD = gnu11;
				GCC_NO_COMMON_BLOCKS = YES;
				GCC_WARN_64_TO_32_BIT_CONVERSION = YES;
				GCC_WARN_ABOUT_RETURN_TYPE = YES_ERROR;
				GCC_WARN_UNDECLARED_SELECTOR = YES;
				GCC_WARN_UNINITIALIZED_AUTOS = YES_AGGRESSIVE;
				GCC_WARN_UNUSED_FUNCTION = YES;
				GCC_WARN_UNUSED_VARIABLE = YES;
				IPHONEOS_DEPLOYMENT_TARGET = 13.6;
				MTL_ENABLE_DEBUG_INFO = NO;
				MTL_FAST_MATH = YES;
				SDKROOT = iphoneos;
				VALIDATE_PRODUCT = YES;
			};
			name = Release;
		};
		18B752F825209D09004E1050 /* Debug */ = {
			isa = XCBuildConfiguration;
			buildSettings = {
				ASSETCATALOG_COMPILER_APPICON_NAME = AppIcon;
				CODE_SIGN_STYLE = Automatic;
				DEVELOPMENT_TEAM = N4686HA3AU;
				INFOPLIST_FILE = "17.collectionView+VC/Info.plist";
				LD_RUNPATH_SEARCH_PATHS = (
					"$(inherited)",
					"@executable_path/Frameworks",
				);
				PRODUCT_BUNDLE_IDENTIFIER = "LS.-7-collectionView-VC";
				PRODUCT_NAME = "$(TARGET_NAME)";
				TARGETED_DEVICE_FAMILY = "1,2";
			};
			name = Debug;
		};
		18B752F925209D09004E1050 /* Release */ = {
			isa = XCBuildConfiguration;
			buildSettings = {
				ASSETCATALOG_COMPILER_APPICON_NAME = AppIcon;
				CODE_SIGN_STYLE = Automatic;
				DEVELOPMENT_TEAM = N4686HA3AU;
				INFOPLIST_FILE = "17.collectionView+VC/Info.plist";
				LD_RUNPATH_SEARCH_PATHS = (
					"$(inherited)",
					"@executable_path/Frameworks",
				);
				PRODUCT_BUNDLE_IDENTIFIER = "LS.-7-collectionView-VC";
				PRODUCT_NAME = "$(TARGET_NAME)";
				TARGETED_DEVICE_FAMILY = "1,2";
			};
			name = Release;
		};
		18B752FB25209D09004E1050 /* Debug */ = {
			isa = XCBuildConfiguration;
			buildSettings = {
				BUNDLE_LOADER = "$(TEST_HOST)";
				CODE_SIGN_STYLE = Automatic;
				DEVELOPMENT_TEAM = N4686HA3AU;
				INFOPLIST_FILE = "17.collectionView+VCTests/Info.plist";
				IPHONEOS_DEPLOYMENT_TARGET = 13.6;
				LD_RUNPATH_SEARCH_PATHS = (
					"$(inherited)",
					"@executable_path/Frameworks",
					"@loader_path/Frameworks",
				);
				PRODUCT_BUNDLE_IDENTIFIER = "LS.-7-collectionView-VCTests";
				PRODUCT_NAME = "$(TARGET_NAME)";
				TARGETED_DEVICE_FAMILY = "1,2";
				TEST_HOST = "$(BUILT_PRODUCTS_DIR)/17.collectionView+VC.app/17.collectionView+VC";
			};
			name = Debug;
		};
		18B752FC25209D09004E1050 /* Release */ = {
			isa = XCBuildConfiguration;
			buildSettings = {
				BUNDLE_LOADER = "$(TEST_HOST)";
				CODE_SIGN_STYLE = Automatic;
				DEVELOPMENT_TEAM = N4686HA3AU;
				INFOPLIST_FILE = "17.collectionView+VCTests/Info.plist";
				IPHONEOS_DEPLOYMENT_TARGET = 13.6;
				LD_RUNPATH_SEARCH_PATHS = (
					"$(inherited)",
					"@executable_path/Frameworks",
					"@loader_path/Frameworks",
				);
				PRODUCT_BUNDLE_IDENTIFIER = "LS.-7-collectionView-VCTests";
				PRODUCT_NAME = "$(TARGET_NAME)";
				TARGETED_DEVICE_FAMILY = "1,2";
				TEST_HOST = "$(BUILT_PRODUCTS_DIR)/17.collectionView+VC.app/17.collectionView+VC";
			};
			name = Release;
		};
		18B752FE25209D09004E1050 /* Debug */ = {
			isa = XCBuildConfiguration;
			buildSettings = {
				CODE_SIGN_STYLE = Automatic;
				DEVELOPMENT_TEAM = N4686HA3AU;
				INFOPLIST_FILE = "17.collectionView+VCUITests/Info.plist";
				LD_RUNPATH_SEARCH_PATHS = (
					"$(inherited)",
					"@executable_path/Frameworks",
					"@loader_path/Frameworks",
				);
				PRODUCT_BUNDLE_IDENTIFIER = "LS.-7-collectionView-VCUITests";
				PRODUCT_NAME = "$(TARGET_NAME)";
				TARGETED_DEVICE_FAMILY = "1,2";
				TEST_TARGET_NAME = "17.collectionView+VC";
			};
			name = Debug;
		};
		18B752FF25209D09004E1050 /* Release */ = {
			isa = XCBuildConfiguration;
			buildSettings = {
				CODE_SIGN_STYLE = Automatic;
				DEVELOPMENT_TEAM = N4686HA3AU;
				INFOPLIST_FILE = "17.collectionView+VCUITests/Info.plist";
				LD_RUNPATH_SEARCH_PATHS = (
					"$(inherited)",
					"@executable_path/Frameworks",
					"@loader_path/Frameworks",
				);
				PRODUCT_BUNDLE_IDENTIFIER = "LS.-7-collectionView-VCUITests";
				PRODUCT_NAME = "$(TARGET_NAME)";
				TARGETED_DEVICE_FAMILY = "1,2";
				TEST_TARGET_NAME = "17.collectionView+VC";
			};
			name = Release;
		};
/* End XCBuildConfiguration section */

/* Begin XCConfigurationList section */
		18B752C325209D05004E1050 /* Build configuration list for PBXProject "17.collectionView+VC" */ = {
			isa = XCConfigurationList;
			buildConfigurations = (
				18B752F525209D09004E1050 /* Debug */,
				18B752F625209D09004E1050 /* Release */,
			);
			defaultConfigurationIsVisible = 0;
			defaultConfigurationName = Release;
		};
		18B752F725209D09004E1050 /* Build configuration list for PBXNativeTarget "17.collectionView+VC" */ = {
			isa = XCConfigurationList;
			buildConfigurations = (
				18B752F825209D09004E1050 /* Debug */,
				18B752F925209D09004E1050 /* Release */,
			);
			defaultConfigurationIsVisible = 0;
			defaultConfigurationName = Release;
		};
		18B752FA25209D09004E1050 /* Build configuration list for PBXNativeTarget "17.collectionView+VCTests" */ = {
			isa = XCConfigurationList;
			buildConfigurations = (
				18B752FB25209D09004E1050 /* Debug */,
				18B752FC25209D09004E1050 /* Release */,
			);
			defaultConfigurationIsVisible = 0;
			defaultConfigurationName = Release;
		};
		18B752FD25209D09004E1050 /* Build configuration list for PBXNativeTarget "17.collectionView+VCUITests" */ = {
			isa = XCConfigurationList;
			buildConfigurations = (
				18B752FE25209D09004E1050 /* Debug */,
				18B752FF25209D09004E1050 /* Release */,
			);
			defaultConfigurationIsVisible = 0;
			defaultConfigurationName = Release;
		};
/* End XCConfigurationList section */
	};
	rootObject = 18B752C025209D05004E1050 /* Project object */;
}
